
Microsoft Visual Studio Solution File, Format Version 12.00
# Visual Studio 15
VisualStudioVersion = 15.0.28307.136
MinimumVisualStudioVersion = 10.0.40219.1
Project("{FAE04EC0-301F-11D3-BF4B-00C04F79EFBC}") = "AppAuthExample.Android", "AppAuthExample\AppAuthExample.Android\AppAuthExample.Android.csproj", "{839C32B6-16CD-4981-87AC-692CEF06873B}"
EndProject
Project("{FAE04EC0-301F-11D3-BF4B-00C04F79EFBC}") = "AppAuthExample", "AppAuthExample\AppAuthExample\AppAuthExample.csproj", "{8F53530A-E7BE-44A2-A2BF-29AAACA60CD8}"
EndProject
Global
	GlobalSection(SolutionConfigurationPlatforms) = preSolution
		Debug|Any CPU = Debug|Any CPU
		Release|Any CPU = Release|Any CPU
	EndGlobalSection
	GlobalSection(ProjectConfigurationPlatforms) = postSolution
		{839C32B6-16CD-4981-87AC-692CEF06873B}.Debug|Any CPU.ActiveCfg = Debug|Any CPU
		{839C32B6-16CD-4981-87AC-692CEF06873B}.Debug|Any CPU.Build.0 = Debug|Any CPU
		{839C32B6-16CD-4981-87AC-692CEF06873B}.Debug|Any CPU.Deploy.0 = Debug|Any CPU
		{839C32B6-16CD-4981-87AC-692CEF06873B}.Release|Any CPU.ActiveCfg = Release|Any CPU
		{839C32B6-16CD-4981-87AC-692CEF06873B}.Release|Any CPU.Build.0 = Release|Any CPU
		{839C32B6-16CD-4981-87AC-692CEF06873B}.Release|Any CPU.Deploy.0 = Release|Any CPU
		{8F53530A-E7BE-44A2-A2BF-29AAACA60CD8}.Debug|Any CPU.ActiveCfg = Debug|Any CPU
		{8F53530A-E7BE-44A2-A2BF-29AAACA60CD8}.Debug|Any CPU.Build.0 = Debug|Any CPU
		{8F53530A-E7BE-44A2-A2BF-29AAACA60CD8}.Debug|Any CPU.Deploy.0 = Debug|Any CPU
		{8F53530A-E7BE-44A2-A2BF-29AAACA60CD8}.Release|Any CPU.ActiveCfg = Release|Any CPU
		{8F53530A-E7BE-44A2-A2BF-29AAACA60CD8}.Release|Any CPU.Build.0 = Release|Any CPU
		{8F53530A-E7BE-44A2-A2BF-29AAACA60CD8}.Release|Any CPU.Deploy.0 = Release|Any CPU
	EndGlobalSection
	GlobalSection(SolutionProperties) = preSolution
		HideSolutionNode = FALSE
	EndGlobalSection
	GlobalSection(ExtensibilityGlobals) = postSolution
		SolutionGuid = {55DB4DD2-77A2-4E7F-BB6B-7DB8178E27D8}
	EndGlobalSection
EndGlobal
